// !$*UTF8*$!
{
	archiveVersion = 1;
	classes = {
	};
	objectVersion = 46;
	objects = {

/* Begin PBXBuildFile section */
		9D99ECC51A95E40500EED007 /* AppDelegate.swift in Sources */ = {isa = PBXBuildFile; fileRef = 9D99ECC41A95E40500EED007 /* AppDelegate.swift */; };
		9D99ECC71A95E40500EED007 /* ViewController.swift in Sources */ = {isa = PBXBuildFile; fileRef = 9D99ECC61A95E40500EED007 /* ViewController.swift */; };
		9D99ECCA1A95E40500EED007 /* Main.storyboard in Resources */ = {isa = PBXBuildFile; fileRef = 9D99ECC81A95E40500EED007 /* Main.storyboard */; };
		9D99ECCC1A95E40500EED007 /* Images.xcassets in Resources */ = {isa = PBXBuildFile; fileRef = 9D99ECCB1A95E40500EED007 /* Images.xcassets */; };
		9D99ECCF1A95E40500EED007 /* LaunchScreen.xib in Resources */ = {isa = PBXBuildFile; fileRef = 9D99ECCD1A95E40500EED007 /* LaunchScreen.xib */; };
		9D99ECDB1A95E40500EED007 /* paperGlueTests.swift in Sources */ = {isa = PBXBuildFile; fileRef = 9D99ECDA1A95E40500EED007 /* paperGlueTests.swift */; };
/* End PBXBuildFile section */

/* Begin PBXContainerItemProxy section */
		9D99ECD51A95E40500EED007 /* PBXContainerItemProxy */ = {
			isa = PBXContainerItemProxy;
			containerPortal = 9D99ECB71A95E40500EED007 /* Project object */;
			proxyType = 1;
			remoteGlobalIDString = 9D99ECBE1A95E40500EED007;
			remoteInfo = paperGlue;
		};
/* End PBXContainerItemProxy section */

/* Begin PBXFileReference section */
		9D99ECBF1A95E40500EED007 /* paperGlue.app */ = {isa = PBXFileReference; explicitFileType = wrapper.application; includeInIndex = 0; path = paperGlue.app; sourceTree = BUILT_PRODUCTS_DIR; };
		9D99ECC31A95E40500EED007 /* Info.plist */ = {isa = PBXFileReference; lastKnownFileType = text.plist.xml; path = Info.plist; sourceTree = "<group>"; };
		9D99ECC41A95E40500EED007 /* AppDelegate.swift */ = {isa = PBXFileReference; lastKnownFileType = sourcecode.swift; path = AppDelegate.swift; sourceTree = "<group>"; };
		9D99ECC61A95E40500EED007 /* ViewController.swift */ = {isa = PBXFileReference; lastKnownFileType = sourcecode.swift; path = ViewController.swift; sourceTree = "<group>"; };
		9D99ECC91A95E40500EED007 /* Base */ = {isa = PBXFileReference; lastKnownFileType = file.storyboard; name = Base; path = Base.lproj/Main.storyboard; sourceTree = "<group>"; };
		9D99ECCB1A95E40500EED007 /* Images.xcassets */ = {isa = PBXFileReference; lastKnownFileType = folder.assetcatalog; path = Images.xcassets; sourceTree = "<group>"; };
		9D99ECCE1A95E40500EED007 /* Base */ = {isa = PBXFileReference; lastKnownFileType = file.xib; name = Base; path = Base.lproj/LaunchScreen.xib; sourceTree = "<group>"; };
		9D99ECD41A95E40500EED007 /* paperGlueTests.xctest */ = {isa = PBXFileReference; explicitFileType = wrapper.cfbundle; includeInIndex = 0; path = paperGlueTests.xctest; sourceTree = BUILT_PRODUCTS_DIR; };
		9D99ECD91A95E40500EED007 /* Info.plist */ = {isa = PBXFileReference; lastKnownFileType = text.plist.xml; path = Info.plist; sourceTree = "<group>"; };
		9D99ECDA1A95E40500EED007 /* paperGlueTests.swift */ = {isa = PBXFileReference; lastKnownFileType = sourcecode.swift; path = paperGlueTests.swift; sourceTree = "<group>"; };
/* End PBXFileReference section */

/* Begin PBXFrameworksBuildPhase section */
		9D99ECBC1A95E40500EED007 /* Frameworks */ = {
			isa = PBXFrameworksBuildPhase;
			buildActionMask = 2147483647;
			files = (
			);
			runOnlyForDeploymentPostprocessing = 0;
		};
		9D99ECD11A95E40500EED007 /* Frameworks */ = {
			isa = PBXFrameworksBuildPhase;
			buildActionMask = 2147483647;
			files = (
			);
			runOnlyForDeploymentPostprocessing = 0;
		};
/* End PBXFrameworksBuildPhase section */

/* Begin PBXGroup section */
		9D99ECB61A95E40500EED007 = {
			isa = PBXGroup;
			children = (
				9D99ECC11A95E40500EED007 /* paperGlue */,
				9D99ECD71A95E40500EED007 /* paperGlueTests */,
				9D99ECC01A95E40500EED007 /* Products */,
			);
			sourceTree = "<group>";
		};
		9D99ECC01A95E40500EED007 /* Products */ = {
			isa = PBXGroup;
			children = (
				9D99ECBF1A95E40500EED007 /* paperGlue.app */,
				9D99ECD41A95E40500EED007 /* paperGlueTests.xctest */,
			);
			name = Products;
			sourceTree = "<group>";
		};
		9D99ECC11A95E40500EED007 /* paperGlue */ = {
			isa = PBXGroup;
			children = (
				9D99ECC41A95E40500EED007 /* AppDelegate.swift */,
				9D99ECC61A95E40500EED007 /* ViewController.swift */,
				9D99ECC81A95E40500EED007 /* Main.storyboard */,
				9D99ECCB1A95E40500EED007 /* Images.xcassets */,
				9D99ECCD1A95E40500EED007 /* LaunchScreen.xib */,
				9D99ECC21A95E40500EED007 /* Supporting Files */,
			);
			path = paperGlue;
			sourceTree = "<group>";
		};
		9D99ECC21A95E40500EED007 /* Supporting Files */ = {
			isa = PBXGroup;
			children = (
				9D99ECC31A95E40500EED007 /* Info.plist */,
			);
			name = "Supporting Files";
			sourceTree = "<group>";
		};
		9D99ECD71A95E40500EED007 /* paperGlueTests */ = {
			isa = PBXGroup;
			children = (
				9D99ECDA1A95E40500EED007 /* paperGlueTests.swift */,
				9D99ECD81A95E40500EED007 /* Supporting Files */,
			);
			path = paperGlueTests;
			sourceTree = "<group>";
		};
		9D99ECD81A95E40500EED007 /* Supporting Files */ = {
			isa = PBXGroup;
			children = (
				9D99ECD91A95E40500EED007 /* Info.plist */,
			);
			name = "Supporting Files";
			sourceTree = "<group>";
		};
/* End PBXGroup section */

/* Begin PBXNativeTarget section */
		9D99ECBE1A95E40500EED007 /* paperGlue */ = {
			isa = PBXNativeTarget;
			buildConfigurationList = 9D99ECDE1A95E40500EED007 /* Build configuration list for PBXNativeTarget "paperGlue" */;
			buildPhases = (
				9D99ECBB1A95E40500EED007 /* Sources */,
				9D99ECBC1A95E40500EED007 /* Frameworks */,
				9D99ECBD1A95E40500EED007 /* Resources */,
			);
			buildRules = (
			);
			dependencies = (
			);
			name = paperGlue;
			productName = paperGlue;
			productReference = 9D99ECBF1A95E40500EED007 /* paperGlue.app */;
			productType = "com.apple.product-type.application";
		};
		9D99ECD31A95E40500EED007 /* paperGlueTests */ = {
			isa = PBXNativeTarget;
			buildConfigurationList = 9D99ECE11A95E40500EED007 /* Build configuration list for PBXNativeTarget "paperGlueTests" */;
			buildPhases = (
				9D99ECD01A95E40500EED007 /* Sources */,
				9D99ECD11A95E40500EED007 /* Frameworks */,
				9D99ECD21A95E40500EED007 /* Resources */,
			);
			buildRules = (
			);
			dependencies = (
				9D99ECD61A95E40500EED007 /* PBXTargetDependency */,
			);
			name = paperGlueTests;
			productName = paperGlueTests;
			productReference = 9D99ECD41A95E40500EED007 /* paperGlueTests.xctest */;
			productType = "com.apple.product-type.bundle.unit-test";
		};
/* End PBXNativeTarget section */

/* Begin PBXProject section */
		9D99ECB71A95E40500EED007 /* Project object */ = {
			isa = PBXProject;
			attributes = {
				LastUpgradeCheck = 0630;
				ORGANIZATIONNAME = "guillaume hammadi";
				TargetAttributes = {
					9D99ECBE1A95E40500EED007 = {
						CreatedOnToolsVersion = 6.3;
					};
					9D99ECD31A95E40500EED007 = {
						CreatedOnToolsVersion = 6.3;
						TestTargetID = 9D99ECBE1A95E40500EED007;
					};
				};
			};
			buildConfigurationList = 9D99ECBA1A95E40500EED007 /* Build configuration list for PBXProject "paperGlue" */;
			compatibilityVersion = "Xcode 3.2";
			developmentRegion = English;
			hasScannedForEncodings = 0;
			knownRegions = (
				en,
				Base,
			);
			mainGroup = 9D99ECB61A95E40500EED007;
			productRefGroup = 9D99ECC01A95E40500EED007 /* Products */;
			projectDirPath = "";
			projectRoot = "";
			targets = (
				9D99ECBE1A95E40500EED007 /* paperGlue */,
				9D99ECD31A95E40500EED007 /* paperGlueTests */,
			);
		};
/* End PBXProject section */

/* Begin PBXResourcesBuildPhase section */
		9D99ECBD1A95E40500EED007 /* Resources */ = {
			isa = PBXResourcesBuildPhase;
			buildActionMask = 2147483647;
			files = (
				9D99ECCA1A95E40500EED007 /* Main.storyboard in Resources */,
				9D99ECCF1A95E40500EED007 /* LaunchScreen.xib in Resources */,
				9D99ECCC1A95E40500EED007 /* Images.xcassets in Resources */,
			);
			runOnlyForDeploymentPostprocessing = 0;
		};
		9D99ECD21A95E40500EED007 /* Resources */ = {
			isa = PBXResourcesBuildPhase;
			buildActionMask = 2147483647;
			files = (
			);
			runOnlyForDeploymentPostprocessing = 0;
		};
/* End PBXResourcesBuildPhase section */

/* Begin PBXSourcesBuildPhase section */
		9D99ECBB1A95E40500EED007 /* Sources */ = {
			isa = PBXSourcesBuildPhase;
			buildActionMask = 2147483647;
			files = (
				9D99ECC71A95E40500EED007 /* ViewController.swift in Sources */,
				9D99ECC51A95E40500EED007 /* AppDelegate.swift in Sources */,
			);
			runOnlyForDeploymentPostprocessing = 0;
		};
		9D99ECD01A95E40500EED007 /* Sources */ = {
			isa = PBXSourcesBuildPhase;
			buildActionMask = 2147483647;
			files = (
				9D99ECDB1A95E40500EED007 /* paperGlueTests.swift in Sources */,
			);
			runOnlyForDeploymentPostprocessing = 0;
		};
/* End PBXSourcesBuildPhase section */

/* Begin PBXTargetDependency section */
		9D99ECD61A95E40500EED007 /* PBXTargetDependency */ = {
			isa = PBXTargetDependency;
			target = 9D99ECBE1A95E40500EED007 /* paperGlue */;
			targetProxy = 9D99ECD51A95E40500EED007 /* PBXContainerItemProxy */;
		};
/* End PBXTargetDependency section */

/* Begin PBXVariantGroup section */
		9D99ECC81A95E40500EED007 /* Main.storyboard */ = {
			isa = PBXVariantGroup;
			children = (
				9D99ECC91A95E40500EED007 /* Base */,
			);
			name = Main.storyboard;
			sourceTree = "<group>";
		};
		9D99ECCD1A95E40500EED007 /* LaunchScreen.xib */ = {
			isa = PBXVariantGroup;
			children = (
				9D99ECCE1A95E40500EED007 /* Base */,
			);
			name = LaunchScreen.xib;
			sourceTree = "<group>";
		};
/* End PBXVariantGroup section */

/* Begin XCBuildConfiguration section */
		9D99ECDC1A95E40500EED007 /* Debug */ = {
			isa = XCBuildConfiguration;
			buildSettings = {
				ALWAYS_SEARCH_USER_PATHS = NO;
				CLANG_CXX_LANGUAGE_STANDARD = "gnu++0x";
				CLANG_CXX_LIBRARY = "libc++";
				CLANG_ENABLE_MODULES = YES;
				CLANG_ENABLE_OBJC_ARC = YES;
				CLANG_WARN_BOOL_CONVERSION = YES;
				CLANG_WARN_CONSTANT_CONVERSION = YES;
				CLANG_WARN_DIRECT_OBJC_ISA_USAGE = YES_ERROR;
				CLANG_WARN_EMPTY_BODY = YES;
				CLANG_WARN_ENUM_CONVERSION = YES;
				CLANG_WARN_INT_CONVERSION = YES;
				CLANG_WARN_OBJC_ROOT_CLASS = YES_ERROR;
				CLANG_WARN_UNREACHABLE_CODE = YES;
				CLANG_WARN__DUPLICATE_METHOD_MATCH = YES;
				"CODE_SIGN_IDENTITY[sdk=iphoneos*]" = "iPhone Developer";
				COPY_PHASE_STRIP = NO;
				DEBUG_INFORMATION_FORMAT = dwarf;
				ENABLE_STRICT_OBJC_MSGSEND = YES;
				GCC_C_LANGUAGE_STANDARD = gnu99;
				GCC_DYNAMIC_NO_PIC = NO;
				GCC_OPTIMIZATION_LEVEL = 0;
				GCC_PREPROCESSOR_DEFINITIONS = (
					"DEBUG=1",
					"$(inherited)",
				);
				GCC_SYMBOLS_PRIVATE_EXTERN = NO;
				GCC_WARN_64_TO_32_BIT_CONVERSION = YES;
				GCC_WARN_ABOUT_RETURN_TYPE = YES_ERROR;
				GCC_WARN_UNDECLARED_SELECTOR = YES;
				GCC_WARN_UNINITIALIZED_AUTOS = YES_AGGRESSIVE;
				GCC_WARN_UNUSED_FUNCTION = YES;
				GCC_WARN_UNUSED_VARIABLE = YES;
				IPHONEOS_DEPLOYMENT_TARGET = 8.3;
				MTL_ENABLE_DEBUG_INFO = YES;
				ONLY_ACTIVE_ARCH = YES;
				SDKROOT = iphoneos;
				SWIFT_OPTIMIZATION_LEVEL = "-Onone";
				TARGETED_DEVICE_FAMILY = "1,2";
			};
			name = Debug;
		};
		9D99ECDD1A95E40500EED007 /* Release */ = {
			isa = XCBuildConfiguration;
			buildSettings = {
				ALWAYS_SEARCH_USER_PATHS = NO;
				CLANG_CXX_LANGUAGE_STANDARD = "gnu++0x";
				CLANG_CXX_LIBRARY = "libc++";
				CLANG_ENABLE_MODULES = YES;
				CLANG_ENABLE_OBJC_ARC = YES;
				CLANG_WARN_BOOL_CONVERSION = YES;
				CLANG_WARN_CONSTANT_CONVERSION = YES;
				CLANG_WARN_DIRECT_OBJC_ISA_USAGE = YES_ERROR;
				CLANG_WARN_EMPTY_BODY = YES;
				CLANG_WARN_ENUM_CONVERSION = YES;
				CLANG_WARN_INT_CONVERSION = YES;
				CLANG_WARN_OBJC_ROOT_CLASS = YES_ERROR;
				CLANG_WARN_UNREACHABLE_CODE = YES;
				CLANG_WARN__DUPLICATE_METHOD_MATCH = YES;
				"CODE_SIGN_IDENTITY[sdk=iphoneos*]" = "iPhone Developer";
				COPY_PHASE_STRIP = NO;
				DEBUG_INFORMATION_FORMAT = "dwarf-with-dsym";
				ENABLE_NS_ASSERTIONS = NO;
				ENABLE_STRICT_OBJC_MSGSEND = YES;
				GCC_C_LANGUAGE_STANDARD = gnu99;
				GCC_WARN_64_TO_32_BIT_CONVERSION = YES;
				GCC_WARN_ABOUT_RETURN_TYPE = YES_ERROR;
				GCC_WARN_UNDECLARED_SELECTOR = YES;
				GCC_WARN_UNINITIALIZED_AUTOS = YES_AGGRESSIVE;
				GCC_WARN_UNUSED_FUNCTION = YES;
				GCC_WARN_UNUSED_VARIABLE = YES;
				IPHONEOS_DEPLOYMENT_TARGET = 8.3;
				MTL_ENABLE_DEBUG_INFO = NO;
				SDKROOT = iphoneos;
				TARGETED_DEVICE_FAMILY = "1,2";
				VALIDATE_PRODUCT = YES;
			};
			name = Release;
		};
		9D99ECDF1A95E40500EED007 /* Debug */ = {
			isa = XCBuildConfiguration;
			buildSettings = {
				ASSETCATALOG_COMPILER_APPICON_NAME = AppIcon;
				INFOPLIST_FILE = paperGlue/Info.plist;
				LD_RUNPATH_SEARCH_PATHS = "$(inherited) @executable_path/Frameworks";
				PRODUCT_NAME = "$(TARGET_NAME)";
			};
			name = Debug;
		};
		9D99ECE01A95E40500EED007 /* Release */ = {
			isa = XCBuildConfiguration;
			buildSettings = {
				ASSETCATALOG_COMPILER_APPICON_NAME = AppIcon;
				INFOPLIST_FILE = paperGlue/Info.plist;
				LD_RUNPATH_SEARCH_PATHS = "$(inherited) @executable_path/Frameworks";
				PRODUCT_NAME = "$(TARGET_NAME)";
			};
			name = Release;
		};
		9D99ECE21A95E40500EED007 /* Debug */ = {
			isa = XCBuildConfiguration;
			buildSettings = {
				BUNDLE_LOADER = "$(TEST_HOST)";
				FRAMEWORK_SEARCH_PATHS = (
					"$(SDKROOT)/Developer/Library/Frameworks",
					"$(inherited)",
				);
				GCC_PREPROCESSOR_DEFINITIONS = (
					"DEBUG=1",
					"$(inherited)",
				);
				INFOPLIST_FILE = paperGlueTests/Info.plist;
				LD_RUNPATH_SEARCH_PATHS = "$(inherited) @executable_path/Frameworks @loader_path/Frameworks";
				PRODUCT_NAME = "$(TARGET_NAME)";
				TEST_HOST = "$(BUILT_PRODUCTS_DIR)/paperGlue.app/paperGlue";
			};
			name = Debug;
		};
		9D99ECE31A95E40500EED007 /* Release */ = {
			isa = XCBuildConfiguration;
			buildSettings = {
				BUNDLE_LOADER = "$(TEST_HOST)";
				FRAMEWORK_SEARCH_PATHS = (
					"$(SDKROOT)/Developer/Library/Frameworks",
					"$(inherited)",
				);
				INFOPLIST_FILE = paperGlueTests/Info.plist;
				LD_RUNPATH_SEARCH_PATHS = "$(inherited) @executable_path/Frameworks @loader_path/Frameworks";
				PRODUCT_NAME = "$(TARGET_NAME)";
				TEST_HOST = "$(BUILT_PRODUCTS_DIR)/paperGlue.app/paperGlue";
			};
			name = Release;
		};
/* End XCBuildConfiguration section */

/* Begin XCConfigurationList section */
		9D99ECBA1A95E40500EED007 /* Build configuration list for PBXProject "paperGlue" */ = {
			isa = XCConfigurationList;
			buildConfigurations = (
				9D99ECDC1A95E40500EED007 /* Debug */,
				9D99ECDD1A95E40500EED007 /* Release */,
			);
			defaultConfigurationIsVisible = 0;
			defaultConfigurationName = Release;
		};
		9D99ECDE1A95E40500EED007 /* Build configuration list for PBXNativeTarget "paperGlue" */ = {
			isa = XCConfigurationList;
			buildConfigurations = (
				9D99ECDF1A95E40500EED007 /* Debug */,
				9D99ECE01A95E40500EED007 /* Release */,
			);
			defaultConfigurationIsVisible = 0;
		};
		9D99ECE11A95E40500EED007 /* Build configuration list for PBXNativeTarget "paperGlueTests" */ = {
			isa = XCConfigurationList;
			buildConfigurations = (
				9D99ECE21A95E40500EED007 /* Debug */,
				9D99ECE31A95E40500EED007 /* Release */,
			);
			defaultConfigurationIsVisible = 0;
		};
/* End XCConfigurationList section */
	};
	rootObject = 9D99ECB71A95E40500EED007 /* Project object */;
}
